
Microsoft Visual Studio Solution File, Format Version 12.00
# Visual Studio Version 17
VisualStudioVersion = 17.5.33627.172
MinimumVisualStudioVersion = 10.0.40219.1
Project("{8BC9CEB8-8B4A-11D0-8D11-00A0C91BC942}") = "Kobra", "Kobra\Kobra.vcxproj", "{925F314D-4256-4F06-80FA-99603F1D8BBD}"
EndProject
Global
	GlobalSection(SolutionConfigurationPlatforms) = preSolution
		Debug|x64 = Debug|x64
		Debug|x86 = Debug|x86
		Release|x64 = Release|x64
		Release|x86 = Release|x86
	EndGlobalSection
	GlobalSection(ProjectConfigurationPlatforms) = postSolution
		{925F314D-4256-4F06-80FA-99603F1D8BBD}.Debug|x64.ActiveCfg = Debug|x64
		{925F314D-4256-4F06-80FA-99603F1D8BBD}.Debug|x64.Build.0 = Debug|x64
		{925F314D-4256-4F06-80FA-99603F1D8BBD}.Debug|x86.ActiveCfg = Debug|Win32
		{925F314D-4256-4F06-80FA-99603F1D8BBD}.Debug|x86.Build.0 = Debug|Win32
		{925F314D-4256-4F06-80FA-99603F1D8BBD}.Release|x64.ActiveCfg = Release|x64
		{925F314D-4256-4F06-80FA-99603F1D8BBD}.Release|x64.Build.0 = Release|x64
		{925F314D-4256-4F06-80FA-99603F1D8BBD}.Release|x86.ActiveCfg = Release|Win32
		{925F314D-4256-4F06-80FA-99603F1D8BBD}.Release|x86.Build.0 = Release|Win32
	EndGlobalSection
	GlobalSection(SolutionProperties) = preSolution
		HideSolutionNode = FALSE
	EndGlobalSection
	GlobalSection(ExtensibilityGlobals) = postSolution
		SolutionGuid = {48A56962-E0DE-4BF3-85D9-59B56789EA44}
	EndGlobalSection
EndGlobal
